
Microsoft Visual Studio Solution File, Format Version 12.00
# Visual Studio Version 17
VisualStudioVersion = 17.8.34525.116
MinimumVisualStudioVersion = 10.0.40219.1
Project("{FAE04EC0-301F-11D3-BF4B-00C04F79EFBC}") = "ASP_Lab12", "ASP_Lab12\ASP_Lab12.csproj", "{6FA03116-5201-4D8B-B31C-77F1EC8F04AE}"
EndProject
Global
	GlobalSection(SolutionConfigurationPlatforms) = preSolution
		Debug|Any CPU = Debug|Any CPU
		Release|Any CPU = Release|Any CPU
	EndGlobalSection
	GlobalSection(ProjectConfigurationPlatforms) = postSolution
		{6FA03116-5201-4D8B-B31C-77F1EC8F04AE}.Debug|Any CPU.ActiveCfg = Debug|Any CPU
		{6FA03116-5201-4D8B-B31C-77F1EC8F04AE}.Debug|Any CPU.Build.0 = Debug|Any CPU
		{6FA03116-5201-4D8B-B31C-77F1EC8F04AE}.Release|Any CPU.ActiveCfg = Release|Any CPU
		{6FA03116-5201-4D8B-B31C-77F1EC8F04AE}.Release|Any CPU.Build.0 = Release|Any CPU
	EndGlobalSection
	GlobalSection(SolutionProperties) = preSolution
		HideSolutionNode = FALSE
	EndGlobalSection
	GlobalSection(ExtensibilityGlobals) = postSolution
		SolutionGuid = {4DB56724-3609-4A27-AE5F-0D603F08EC4A}
	EndGlobalSection
EndGlobal
